
Microsoft Visual Studio Solution File, Format Version 12.00
# Visual Studio 14
VisualStudioVersion = 14.0.25420.1
MinimumVisualStudioVersion = 10.0.40219.1
Project("{FAE04EC0-301F-11D3-BF4B-00C04F79EFBC}") = "PR12", "PR12\PR12.csproj", "{ABC51481-C9DD-494C-A90E-4022025DE92D}"
EndProject
Global
	GlobalSection(SolutionConfigurationPlatforms) = preSolution
		Debug|Any CPU = Debug|Any CPU
		Release|Any CPU = Release|Any CPU
	EndGlobalSection
	GlobalSection(ProjectConfigurationPlatforms) = postSolution
		{ABC51481-C9DD-494C-A90E-4022025DE92D}.Debug|Any CPU.ActiveCfg = Debug|Any CPU
		{ABC51481-C9DD-494C-A90E-4022025DE92D}.Debug|Any CPU.Build.0 = Debug|Any CPU
		{ABC51481-C9DD-494C-A90E-4022025DE92D}.Release|Any CPU.ActiveCfg = Release|Any CPU
		{ABC51481-C9DD-494C-A90E-4022025DE92D}.Release|Any CPU.Build.0 = Release|Any CPU
	EndGlobalSection
	GlobalSection(SolutionProperties) = preSolution
		HideSolutionNode = FALSE
	EndGlobalSection
EndGlobal
