
Microsoft Visual Studio Solution File, Format Version 11.00
# Visual Studio 2010
Project("{FAE04EC0-301F-11D3-BF4B-00C04F79EFBC}") = "ConsoleApplication2", "ConsoleApplication2\ConsoleApplication2.csproj", "{9033A391-20E5-46A8-A98C-1E338C10E07E}"
EndProject
Global
	GlobalSection(SolutionConfigurationPlatforms) = preSolution
		Debug|x86 = Debug|x86
		Release|x86 = Release|x86
	EndGlobalSection
	GlobalSection(ProjectConfigurationPlatforms) = postSolution
		{9033A391-20E5-46A8-A98C-1E338C10E07E}.Debug|x86.ActiveCfg = Debug|x86
		{9033A391-20E5-46A8-A98C-1E338C10E07E}.Debug|x86.Build.0 = Debug|x86
		{9033A391-20E5-46A8-A98C-1E338C10E07E}.Release|x86.ActiveCfg = Release|x86
		{9033A391-20E5-46A8-A98C-1E338C10E07E}.Release|x86.Build.0 = Release|x86
	EndGlobalSection
	GlobalSection(SolutionProperties) = preSolution
		HideSolutionNode = FALSE
	EndGlobalSection
EndGlobal
