
Microsoft Visual Studio Solution File, Format Version 11.00
# Visual Studio 2010
Project("{FAE04EC0-301F-11D3-BF4B-00C04F79EFBC}") = "kursovaya", "kursovaya\kursovaya.csproj", "{7FE77864-FB84-40B6-82B9-8B35F22EF07A}"
EndProject
Global
	GlobalSection(SolutionConfigurationPlatforms) = preSolution
		Debug|x86 = Debug|x86
		Release|x86 = Release|x86
	EndGlobalSection
	GlobalSection(ProjectConfigurationPlatforms) = postSolution
		{7FE77864-FB84-40B6-82B9-8B35F22EF07A}.Debug|x86.ActiveCfg = Debug|x86
		{7FE77864-FB84-40B6-82B9-8B35F22EF07A}.Debug|x86.Build.0 = Debug|x86
		{7FE77864-FB84-40B6-82B9-8B35F22EF07A}.Release|x86.ActiveCfg = Release|x86
		{7FE77864-FB84-40B6-82B9-8B35F22EF07A}.Release|x86.Build.0 = Release|x86
	EndGlobalSection
	GlobalSection(SolutionProperties) = preSolution
		HideSolutionNode = FALSE
	EndGlobalSection
EndGlobal
