
Microsoft Visual Studio Solution File, Format Version 11.00
# Visual Studio 2010
Project("{FAE04EC0-301F-11D3-BF4B-00C04F79EFBC}") = "laba_6", "laba_6\laba_6.csproj", "{BB3A9C8D-1889-4D7D-8952-338A73A88285}"
EndProject
Global
	GlobalSection(SolutionConfigurationPlatforms) = preSolution
		Debug|x86 = Debug|x86
		Release|x86 = Release|x86
	EndGlobalSection
	GlobalSection(ProjectConfigurationPlatforms) = postSolution
		{BB3A9C8D-1889-4D7D-8952-338A73A88285}.Debug|x86.ActiveCfg = Debug|x86
		{BB3A9C8D-1889-4D7D-8952-338A73A88285}.Debug|x86.Build.0 = Debug|x86
		{BB3A9C8D-1889-4D7D-8952-338A73A88285}.Release|x86.ActiveCfg = Release|x86
		{BB3A9C8D-1889-4D7D-8952-338A73A88285}.Release|x86.Build.0 = Release|x86
	EndGlobalSection
	GlobalSection(SolutionProperties) = preSolution
		HideSolutionNode = FALSE
	EndGlobalSection
EndGlobal
